{
  "name": "outlook-search",
  "version": "1.0.0",
  "lockfileVersion": 3,
  "requires": true,
  "packages": {
    "": {
      "name": "outlook-search",
      "version": "1.0.0",
      "license": "MIT",
      "dependencies": {
        "outlook-mapi": "file:../OpenClaw-Outlook-MAPI"
      }
    },
    "../OpenClaw-Outlook-MAPI": {},
    "node_modules/outlook-mapi": {
      "resolved": "../OpenClaw-Outlook-MAPI",
      "link": true
    }
  }
}
